<?xml version="1.0" encoding="utf-8"?>
<Project ToolsVersion="4.0" xmlns="http://schemas.microsoft.com/developer/msbuild/2003">
  <ItemGroup>
    <Filter Include="Source Files">
      <UniqueIdentifier>{4FC737F1-C7A5-4376-A066-2A32D752A2FF}</UniqueIdentifier>
      <Extensions>cpp;c;cc;cxx;c++;cppm;ixx;def;odl;idl;hpj;bat;asm;asmx</Extensions>
    </Filter>
    <Filter Include="Header Files">
      <UniqueIdentifier>{93995380-89BD-4b04-88EB-625FBE52EBFB}</UniqueIdentifier>
      <Extensions>h;hh;hpp;hxx;h++;hm;inl;inc;ipp;xsd</Extensions>
    </Filter>
    <Filter Include="Resource Files">
      <UniqueIdentifier>{67DA6AB6-F800-4c08-8B7A-83BB121AAD01}</UniqueIdentifier>
      <Extensions>rc;ico;cur;bmp;dlg;rc2;rct;bin;rgs;gif;jpg;jpeg;jpe;resx;tiff;tif;png;wav;mfcribbon-ms</Extensions>
    </Filter>
  </ItemGroup>
  <ItemGroup>
    <ClInclude Include="common.h">
      <Filter>Header Files</Filter>
    </ClInclude>
    <ClInclude Include="logger.h">
      <Filter>Header Files</Filter>
    </ClInclude>
    <ClInclude Include="allocator.h">
      <Filter>Header Files</Filter>
    </ClInclude>
    <ClInclude Include="idd.h">
      <Filter>Header Files</Filter>
    </ClInclude>
    <ClInclude Include="dd.h">
      <Filter>Header Files</Filter>
    </ClInclude>
    <ClInclude Include="arr.h">
      <Filter>Header Files</Filter>
    </ClInclude>
    <ClInclude Include="intfc.h">
      <Filter>Header Files</Filter>
    </ClInclude>
    <ClInclude Include="sugar.h">
      <Filter>Header Files</Filter>
    </ClInclude>
    <ClInclude Include="idds.h">
      <Filter>Header Files</Filter>
    </ClInclude>
    <ClInclude Include="dds.h">
      <Filter>Header Files</Filter>
    </ClInclude>
    <ClInclude Include="utilities.h">
      <Filter>Header Files</Filter>
    </ClInclude>
    <ClInclude Include="iddp.h">
      <Filter>Header Files</Filter>
    </ClInclude>
    <ClInclude Include="ddp.h">
      <Filter>Header Files</Filter>
    </ClInclude>
    <ClInclude Include="lock.h">
      <Filter>Header Files</Filter>
    </ClInclude>
    <ClInclude Include="blt.h">
      <Filter>Header Files</Filter>
    </ClInclude>
    <ClInclude Include="connector.h">
      <Filter>Header Files</Filter>
    </ClInclude>
    <ClInclude Include="driver.h">
      <Filter>Header Files</Filter>
    </ClInclude>
    <ClInclude Include="gdi.h">
      <Filter>Header Files</Filter>
    </ClInclude>
    <ClInclude Include="ddg.h">
      <Filter>Header Files</Filter>
    </ClInclude>
    <ClInclude Include="ddsd.h">
      <Filter>Header Files</Filter>
    </ClInclude>
    <ClInclude Include="converter.h">
      <Filter>Header Files</Filter>
    </ClInclude>
    <ClInclude Include="iddc.h">
      <Filter>Header Files</Filter>
    </ClInclude>
    <ClInclude Include="ddc.h">
      <Filter>Header Files</Filter>
    </ClInclude>
    <ClInclude Include="iddcc.h">
      <Filter>Header Files</Filter>
    </ClInclude>
    <ClInclude Include="ddcc.h">
      <Filter>Header Files</Filter>
    </ClInclude>
    <ClInclude Include="iddgc.h">
      <Filter>Header Files</Filter>
    </ClInclude>
    <ClInclude Include="ddgc.h">
      <Filter>Header Files</Filter>
    </ClInclude>
    <ClInclude Include="ddrawex.h">
      <Filter>Header Files</Filter>
    </ClInclude>
    <ClInclude Include="cf.h">
      <Filter>Header Files</Filter>
    </ClInclude>
    <ClInclude Include="icf.h">
      <Filter>Header Files</Filter>
    </ClInclude>
    <ClInclude Include="iddf.h">
      <Filter>Header Files</Filter>
    </ClInclude>
    <ClInclude Include="ddf.h">
      <Filter>Header Files</Filter>
    </ClInclude>
    <ClInclude Include="ddsfc.h">
      <Filter>Header Files</Filter>
    </ClInclude>
  </ItemGroup>
  <ItemGroup>
    <ClCompile Include="sugar.c">
      <Filter>Source Files</Filter>
    </ClCompile>
    <ClCompile Include="common.c">
      <Filter>Source Files</Filter>
    </ClCompile>
    <ClCompile Include="logger.c">
      <Filter>Source Files</Filter>
    </ClCompile>
    <ClCompile Include="allocator.c">
      <Filter>Source Files</Filter>
    </ClCompile>
    <ClCompile Include="idd.c">
      <Filter>Source Files</Filter>
    </ClCompile>
    <ClCompile Include="dd.c">
      <Filter>Source Files</Filter>
    </ClCompile>
    <ClCompile Include="arr.c">
      <Filter>Source Files</Filter>
    </ClCompile>
    <ClCompile Include="intfc.c">
      <Filter>Source Files</Filter>
    </ClCompile>
    <ClCompile Include="dds.c">
      <Filter>Source Files</Filter>
    </ClCompile>
    <ClCompile Include="utilities.c">
      <Filter>Source Files</Filter>
    </ClCompile>
    <ClCompile Include="idds.c">
      <Filter>Source Files</Filter>
    </ClCompile>
    <ClCompile Include="iddp.c">
      <Filter>Source Files</Filter>
    </ClCompile>
    <ClCompile Include="ddp.c">
      <Filter>Source Files</Filter>
    </ClCompile>
    <ClCompile Include="lock.c">
      <Filter>Source Files</Filter>
    </ClCompile>
    <ClCompile Include="blt.c">
      <Filter>Source Files</Filter>
    </ClCompile>
    <ClCompile Include="connector.c">
      <Filter>Source Files</Filter>
    </ClCompile>
    <ClCompile Include="driver.c">
      <Filter>Source Files</Filter>
    </ClCompile>
    <ClCompile Include="gdi.c">
      <Filter>Source Files</Filter>
    </ClCompile>
    <ClCompile Include="ddg.c">
      <Filter>Source Files</Filter>
    </ClCompile>
    <ClCompile Include="ddsd.c">
      <Filter>Source Files</Filter>
    </ClCompile>
    <ClCompile Include="converter.c">
      <Filter>Source Files</Filter>
    </ClCompile>
    <ClCompile Include="ddc.c">
      <Filter>Source Files</Filter>
    </ClCompile>
    <ClCompile Include="iddc.c">
      <Filter>Source Files</Filter>
    </ClCompile>
    <ClCompile Include="iddcc.c">
      <Filter>Source Files</Filter>
    </ClCompile>
    <ClCompile Include="ddcc.c">
      <Filter>Source Files</Filter>
    </ClCompile>
    <ClCompile Include="iddgc.c">
      <Filter>Source Files</Filter>
    </ClCompile>
    <ClCompile Include="ddgc.c">
      <Filter>Source Files</Filter>
    </ClCompile>
    <ClCompile Include="icf.c">
      <Filter>Source Files</Filter>
    </ClCompile>
    <ClCompile Include="cf.c">
      <Filter>Source Files</Filter>
    </ClCompile>
    <ClCompile Include="iddf.c">
      <Filter>Source Files</Filter>
    </ClCompile>
    <ClCompile Include="ddf.c">
      <Filter>Source Files</Filter>
    </ClCompile>
    <ClCompile Include="ddsfc.c">
      <Filter>Source Files</Filter>
    </ClCompile>
  </ItemGroup>
</Project>